// !$*UTF8*$!
{
	archiveVersion = 1;
	classes = {
	};
	objectVersion = 54;
	objects = {

/* Begin PBXBuildFile section */
		0C1994A027AB8F6700FCE696 /* DefaultSudoVirtualCardsSimulatorTest.swift in Sources */ = {isa = PBXBuildFile; fileRef = 0C19949F27AB8F6700FCE696 /* DefaultSudoVirtualCardsSimulatorTest.swift */; };
		415769052D9CC0330005AE1F /* GraphQLClientMock.swift in Sources */ = {isa = PBXBuildFile; fileRef = 415769042D9CC0330005AE1F /* GraphQLClientMock.swift */; };
		8492C98423F62EB500DF0F95 /* SudoVirtualCardsSimulatorErrorTransformerTests.swift in Sources */ = {isa = PBXBuildFile; fileRef = 8492C98323F62EB500DF0F95 /* SudoVirtualCardsSimulatorErrorTransformerTests.swift */; };
		8492C98C23F6324F00DF0F95 /* SudoLogging+Tests.swift in Sources */ = {isa = PBXBuildFile; fileRef = 8492C98B23F6324F00DF0F95 /* SudoLogging+Tests.swift */; };
		8492C99223F6381500DF0F95 /* XCTTestCase+Utility.swift in Sources */ = {isa = PBXBuildFile; fileRef = 8492C99123F6381500DF0F95 /* XCTTestCase+Utility.swift */; };
		8492C99723F6452800DF0F95 /* AnyError.swift in Sources */ = {isa = PBXBuildFile; fileRef = 8492C99623F6452800DF0F95 /* AnyError.swift */; };
		8492C99923F6465400DF0F95 /* Error+Equality.swift in Sources */ = {isa = PBXBuildFile; fileRef = 8492C99823F6465400DF0F95 /* Error+Equality.swift */; };
		8492C9AC23F65F3F00DF0F95 /* SudoVirtualCardsSimulatorConfigTests.swift in Sources */ = {isa = PBXBuildFile; fileRef = 8492C9AB23F65F3F00DF0F95 /* SudoVirtualCardsSimulatorConfigTests.swift */; };
		84E92FFB23F3B77D00B328E7 /* Date+MillisecondsSinceEpochTests.swift in Sources */ = {isa = PBXBuildFile; fileRef = 84E92FFA23F3B77D00B328E7 /* Date+MillisecondsSinceEpochTests.swift */; };
		E2F000212D7B87CE00655336 /* SudoVirtualCardsSimulator in Frameworks */ = {isa = PBXBuildFile; productRef = E2F000202D7B87CE00655336 /* SudoVirtualCardsSimulator */; };
/* End PBXBuildFile section */

/* Begin PBXFileReference section */
		0C19949F27AB8F6700FCE696 /* DefaultSudoVirtualCardsSimulatorTest.swift */ = {isa = PBXFileReference; lastKnownFileType = sourcecode.swift; path = DefaultSudoVirtualCardsSimulatorTest.swift; sourceTree = "<group>"; };
		415769032D9CBC600005AE1F /* SudoVirtualCardsSimulatorErrorTransformer.swift */ = {isa = PBXFileReference; lastKnownFileType = sourcecode.swift; path = SudoVirtualCardsSimulatorErrorTransformer.swift; sourceTree = "<group>"; };
		415769042D9CC0330005AE1F /* GraphQLClientMock.swift */ = {isa = PBXFileReference; lastKnownFileType = sourcecode.swift; path = GraphQLClientMock.swift; sourceTree = "<group>"; };
		417F1B5D2D9CA5BD00E7181F /* GraphQLClient.swift */ = {isa = PBXFileReference; lastKnownFileType = sourcecode.swift; path = GraphQLClient.swift; sourceTree = "<group>"; };
		4182F22A2D9CA51A00664A2D /* DefaultGraphQLClient.swift */ = {isa = PBXFileReference; lastKnownFileType = sourcecode.swift; path = DefaultGraphQLClient.swift; sourceTree = "<group>"; };
		5D1AB6E324BEC6ED00644E28 /* SimulateAuthorizationExpiryResponse.swift */ = {isa = PBXFileReference; lastKnownFileType = sourcecode.swift; path = SimulateAuthorizationExpiryResponse.swift; sourceTree = "<group>"; };
		84309D702468BFE400F48ECC /* Expiry.swift */ = {isa = PBXFileReference; lastKnownFileType = sourcecode.swift; path = Expiry.swift; sourceTree = "<group>"; };
		84309D722468C03200F48ECC /* BillingAddress.swift */ = {isa = PBXFileReference; lastKnownFileType = sourcecode.swift; path = BillingAddress.swift; sourceTree = "<group>"; };
		84309D762468C16D00F48ECC /* CurrencyAmount.swift */ = {isa = PBXFileReference; lastKnownFileType = sourcecode.swift; path = CurrencyAmount.swift; sourceTree = "<group>"; };
		84309D9324695BAA00F48ECC /* SudoConfigFile.swift */ = {isa = PBXFileReference; lastKnownFileType = sourcecode.swift; path = SudoConfigFile.swift; sourceTree = "<group>"; };
		8468196923F4C6320043C310 /* GraphQLAPI.swift */ = {isa = PBXFileReference; fileEncoding = 4; lastKnownFileType = sourcecode.swift; path = GraphQLAPI.swift; sourceTree = "<group>"; };
		8468196B23F4C6320043C310 /* SudoLogging+VirtualCardsSimulator.swift */ = {isa = PBXFileReference; fileEncoding = 4; lastKnownFileType = sourcecode.swift; path = "SudoLogging+VirtualCardsSimulator.swift"; sourceTree = "<group>"; };
		8468196C23F4C6320043C310 /* Date+MillisecondsSinceEpoch.swift */ = {isa = PBXFileReference; fileEncoding = 4; lastKnownFileType = sourcecode.swift; path = "Date+MillisecondsSinceEpoch.swift"; sourceTree = "<group>"; };
		8492C98323F62EB500DF0F95 /* SudoVirtualCardsSimulatorErrorTransformerTests.swift */ = {isa = PBXFileReference; lastKnownFileType = sourcecode.swift; path = SudoVirtualCardsSimulatorErrorTransformerTests.swift; sourceTree = "<group>"; };
		8492C98B23F6324F00DF0F95 /* SudoLogging+Tests.swift */ = {isa = PBXFileReference; lastKnownFileType = sourcecode.swift; path = "SudoLogging+Tests.swift"; sourceTree = "<group>"; };
		8492C99123F6381500DF0F95 /* XCTTestCase+Utility.swift */ = {isa = PBXFileReference; lastKnownFileType = sourcecode.swift; path = "XCTTestCase+Utility.swift"; sourceTree = "<group>"; };
		8492C99623F6452800DF0F95 /* AnyError.swift */ = {isa = PBXFileReference; lastKnownFileType = sourcecode.swift; path = AnyError.swift; sourceTree = "<group>"; };
		8492C99823F6465400DF0F95 /* Error+Equality.swift */ = {isa = PBXFileReference; lastKnownFileType = sourcecode.swift; path = "Error+Equality.swift"; sourceTree = "<group>"; };
		8492C9AB23F65F3F00DF0F95 /* SudoVirtualCardsSimulatorConfigTests.swift */ = {isa = PBXFileReference; lastKnownFileType = sourcecode.swift; path = SudoVirtualCardsSimulatorConfigTests.swift; sourceTree = "<group>"; };
		849BA5EE23F2228E002815D8 /* SudoVirtualCardsSimulatorError.swift */ = {isa = PBXFileReference; lastKnownFileType = sourcecode.swift; path = SudoVirtualCardsSimulatorError.swift; sourceTree = "<group>"; };
		849BA61E23F22B9D002815D8 /* SudoVirtualCardsSimulatorConfig.swift */ = {isa = PBXFileReference; lastKnownFileType = sourcecode.swift; path = SudoVirtualCardsSimulatorConfig.swift; sourceTree = "<group>"; };
		84B74C5123F10D21001BEF7C /* SudoVirtualCardsSimulator.h */ = {isa = PBXFileReference; lastKnownFileType = sourcecode.c.h; path = SudoVirtualCardsSimulator.h; sourceTree = "<group>"; };
		84B74C5223F10D21001BEF7C /* Info.plist */ = {isa = PBXFileReference; lastKnownFileType = text.plist.xml; path = Info.plist; sourceTree = "<group>"; };
		84B74C5723F10D21001BEF7C /* SudoVirtualCardsSimulatorTests.xctest */ = {isa = PBXFileReference; explicitFileType = wrapper.cfbundle; includeInIndex = 0; path = SudoVirtualCardsSimulatorTests.xctest; sourceTree = BUILT_PRODUCTS_DIR; };
		84B74C5E23F10D21001BEF7C /* Info.plist */ = {isa = PBXFileReference; lastKnownFileType = text.plist.xml; path = Info.plist; sourceTree = "<group>"; };
		84B74C6D23F116AC001BEF7C /* SudoVirtualCardsSimulatorClient.swift */ = {isa = PBXFileReference; lastKnownFileType = sourcecode.swift; path = SudoVirtualCardsSimulatorClient.swift; sourceTree = "<group>"; };
		84B74C6F23F116D5001BEF7C /* DefaultSudoVirtualCardsSimulatorClient.swift */ = {isa = PBXFileReference; lastKnownFileType = sourcecode.swift; path = DefaultSudoVirtualCardsSimulatorClient.swift; sourceTree = "<group>"; };
		84B74C7323F121A5001BEF7C /* SimulateAuthorizationInput.swift */ = {isa = PBXFileReference; lastKnownFileType = sourcecode.swift; path = SimulateAuthorizationInput.swift; sourceTree = "<group>"; };
		84B74C7923F123AA001BEF7C /* SimulateAuthorizationResponse.swift */ = {isa = PBXFileReference; lastKnownFileType = sourcecode.swift; path = SimulateAuthorizationResponse.swift; sourceTree = "<group>"; };
		84B74C7D23F1260E001BEF7C /* SimulateIncrementalAuthorizationInput.swift */ = {isa = PBXFileReference; lastKnownFileType = sourcecode.swift; path = SimulateIncrementalAuthorizationInput.swift; sourceTree = "<group>"; };
		84B74C7F23F126E2001BEF7C /* SimulateReversalInput.swift */ = {isa = PBXFileReference; lastKnownFileType = sourcecode.swift; path = SimulateReversalInput.swift; sourceTree = "<group>"; };
		84B74C8123F12747001BEF7C /* SimulateRefundInput.swift */ = {isa = PBXFileReference; lastKnownFileType = sourcecode.swift; path = SimulateRefundInput.swift; sourceTree = "<group>"; };
		84B74C8323F1279E001BEF7C /* SimulateDebitInput.swift */ = {isa = PBXFileReference; lastKnownFileType = sourcecode.swift; path = SimulateDebitInput.swift; sourceTree = "<group>"; };
		84B74C8623F12870001BEF7C /* SimulateReversalResponse.swift */ = {isa = PBXFileReference; lastKnownFileType = sourcecode.swift; path = SimulateReversalResponse.swift; sourceTree = "<group>"; };
		84B74C8823F128BE001BEF7C /* SimulateRefundResponse.swift */ = {isa = PBXFileReference; lastKnownFileType = sourcecode.swift; path = SimulateRefundResponse.swift; sourceTree = "<group>"; };
		84B74C8A23F1292A001BEF7C /* SimulateDebitResponse.swift */ = {isa = PBXFileReference; lastKnownFileType = sourcecode.swift; path = SimulateDebitResponse.swift; sourceTree = "<group>"; };
		84B74C8C23F129DD001BEF7C /* SimulatorMerchant.swift */ = {isa = PBXFileReference; lastKnownFileType = sourcecode.swift; path = SimulatorMerchant.swift; sourceTree = "<group>"; };
		84E92FFA23F3B77D00B328E7 /* Date+MillisecondsSinceEpochTests.swift */ = {isa = PBXFileReference; lastKnownFileType = sourcecode.swift; path = "Date+MillisecondsSinceEpochTests.swift"; sourceTree = "<group>"; };
/* End PBXFileReference section */

/* Begin PBXFrameworksBuildPhase section */
		84B74C5423F10D21001BEF7C /* Frameworks */ = {
			isa = PBXFrameworksBuildPhase;
			buildActionMask = 2147483647;
			files = (
				E2F000212D7B87CE00655336 /* SudoVirtualCardsSimulator in Frameworks */,
			);
			runOnlyForDeploymentPostprocessing = 0;
		};
/* End PBXFrameworksBuildPhase section */

/* Begin PBXGroup section */
		8468196723F4C6320043C310 /* Internal */ = {
			isa = PBXGroup;
			children = (
				8468196A23F4C6320043C310 /* Extensions */,
				4182F22A2D9CA51A00664A2D /* DefaultGraphQLClient.swift */,
				8468196923F4C6320043C310 /* GraphQLAPI.swift */,
				417F1B5D2D9CA5BD00E7181F /* GraphQLClient.swift */,
				84309D9324695BAA00F48ECC /* SudoConfigFile.swift */,
				415769032D9CBC600005AE1F /* SudoVirtualCardsSimulatorErrorTransformer.swift */,
			);
			path = Internal;
			sourceTree = "<group>";
		};
		8468196A23F4C6320043C310 /* Extensions */ = {
			isa = PBXGroup;
			children = (
				8468196C23F4C6320043C310 /* Date+MillisecondsSinceEpoch.swift */,
				8468196B23F4C6320043C310 /* SudoLogging+VirtualCardsSimulator.swift */,
			);
			path = Extensions;
			sourceTree = "<group>";
		};
		8492C98723F630F600DF0F95 /* Mocks */ = {
			isa = PBXGroup;
			children = (
				415769042D9CC0330005AE1F /* GraphQLClientMock.swift */,
			);
			path = Mocks;
			sourceTree = "<group>";
		};
		8492C98A23F6323E00DF0F95 /* Extensions */ = {
			isa = PBXGroup;
			children = (
				8492C99823F6465400DF0F95 /* Error+Equality.swift */,
				8492C98B23F6324F00DF0F95 /* SudoLogging+Tests.swift */,
				8492C99123F6381500DF0F95 /* XCTTestCase+Utility.swift */,
			);
			path = Extensions;
			sourceTree = "<group>";
		};
		8492C99523F6451800DF0F95 /* Utility */ = {
			isa = PBXGroup;
			children = (
				8492C99623F6452800DF0F95 /* AnyError.swift */,
			);
			path = Utility;
			sourceTree = "<group>";
		};
		84B74C4423F10D21001BEF7C = {
			isa = PBXGroup;
			children = (
				84B74C5023F10D21001BEF7C /* SudoVirtualCardsSimulator */,
				84B74C5B23F10D21001BEF7C /* SudoVirtualCardsSimulatorTests */,
				84B74C4F23F10D21001BEF7C /* Products */,
				E2F0001F2D7B87CE00655336 /* Frameworks */,
			);
			sourceTree = "<group>";
		};
		84B74C4F23F10D21001BEF7C /* Products */ = {
			isa = PBXGroup;
			children = (
				84B74C5723F10D21001BEF7C /* SudoVirtualCardsSimulatorTests.xctest */,
			);
			name = Products;
			sourceTree = "<group>";
		};
		84B74C5023F10D21001BEF7C /* SudoVirtualCardsSimulator */ = {
			isa = PBXGroup;
			children = (
				84B74C6B23F115B5001BEF7C /* Source */,
				84B74C5223F10D21001BEF7C /* Info.plist */,
				84B74C5123F10D21001BEF7C /* SudoVirtualCardsSimulator.h */,
			);
			path = SudoVirtualCardsSimulator;
			sourceTree = "<group>";
		};
		84B74C5B23F10D21001BEF7C /* SudoVirtualCardsSimulatorTests */ = {
			isa = PBXGroup;
			children = (
				8492C98A23F6323E00DF0F95 /* Extensions */,
				8492C98723F630F600DF0F95 /* Mocks */,
				84E92FF623F3B65E00B328E7 /* Test */,
				8492C99523F6451800DF0F95 /* Utility */,
				84B74C5E23F10D21001BEF7C /* Info.plist */,
			);
			path = SudoVirtualCardsSimulatorTests;
			sourceTree = "<group>";
		};
		84B74C6B23F115B5001BEF7C /* Source */ = {
			isa = PBXGroup;
			children = (
				8468196723F4C6320043C310 /* Internal */,
				84B74C6C23F115C1001BEF7C /* Public */,
			);
			path = Source;
			sourceTree = "<group>";
		};
		84B74C6C23F115C1001BEF7C /* Public */ = {
			isa = PBXGroup;
			children = (
				84B74C7123F12189001BEF7C /* Types */,
				84B74C6F23F116D5001BEF7C /* DefaultSudoVirtualCardsSimulatorClient.swift */,
				84B74C6D23F116AC001BEF7C /* SudoVirtualCardsSimulatorClient.swift */,
				849BA61E23F22B9D002815D8 /* SudoVirtualCardsSimulatorConfig.swift */,
				849BA5EE23F2228E002815D8 /* SudoVirtualCardsSimulatorError.swift */,
			);
			path = Public;
			sourceTree = "<group>";
		};
		84B74C7123F12189001BEF7C /* Types */ = {
			isa = PBXGroup;
			children = (
				84B74C7223F12192001BEF7C /* Inputs */,
				84B74C8523F12850001BEF7C /* Responses */,
				84309D722468C03200F48ECC /* BillingAddress.swift */,
				84309D762468C16D00F48ECC /* CurrencyAmount.swift */,
				84309D702468BFE400F48ECC /* Expiry.swift */,
				84B74C8C23F129DD001BEF7C /* SimulatorMerchant.swift */,
			);
			path = Types;
			sourceTree = "<group>";
		};
		84B74C7223F12192001BEF7C /* Inputs */ = {
			isa = PBXGroup;
			children = (
				84B74C7323F121A5001BEF7C /* SimulateAuthorizationInput.swift */,
				84B74C8323F1279E001BEF7C /* SimulateDebitInput.swift */,
				84B74C7D23F1260E001BEF7C /* SimulateIncrementalAuthorizationInput.swift */,
				84B74C8123F12747001BEF7C /* SimulateRefundInput.swift */,
				84B74C7F23F126E2001BEF7C /* SimulateReversalInput.swift */,
			);
			path = Inputs;
			sourceTree = "<group>";
		};
		84B74C8523F12850001BEF7C /* Responses */ = {
			isa = PBXGroup;
			children = (
				5D1AB6E324BEC6ED00644E28 /* SimulateAuthorizationExpiryResponse.swift */,
				84B74C7923F123AA001BEF7C /* SimulateAuthorizationResponse.swift */,
				84B74C8A23F1292A001BEF7C /* SimulateDebitResponse.swift */,
				84B74C8823F128BE001BEF7C /* SimulateRefundResponse.swift */,
				84B74C8623F12870001BEF7C /* SimulateReversalResponse.swift */,
			);
			path = Responses;
			sourceTree = "<group>";
		};
		84E92FF623F3B65E00B328E7 /* Test */ = {
			isa = PBXGroup;
			children = (
				84E92FF823F3B66900B328E7 /* Internal */,
				84E92FF723F3B66600B328E7 /* Public */,
			);
			path = Test;
			sourceTree = "<group>";
		};
		84E92FF723F3B66600B328E7 /* Public */ = {
			isa = PBXGroup;
			children = (
				0C19949F27AB8F6700FCE696 /* DefaultSudoVirtualCardsSimulatorTest.swift */,
				8492C9AB23F65F3F00DF0F95 /* SudoVirtualCardsSimulatorConfigTests.swift */,
				8492C98323F62EB500DF0F95 /* SudoVirtualCardsSimulatorErrorTransformerTests.swift */,
			);
			path = Public;
			sourceTree = "<group>";
		};
		84E92FF823F3B66900B328E7 /* Internal */ = {
			isa = PBXGroup;
			children = (
				84E92FF923F3B74400B328E7 /* Extensions */,
			);
			path = Internal;
			sourceTree = "<group>";
		};
		84E92FF923F3B74400B328E7 /* Extensions */ = {
			isa = PBXGroup;
			children = (
				84E92FFA23F3B77D00B328E7 /* Date+MillisecondsSinceEpochTests.swift */,
			);
			path = Extensions;
			sourceTree = "<group>";
		};
		E2F0001F2D7B87CE00655336 /* Frameworks */ = {
			isa = PBXGroup;
			children = (
			);
			name = Frameworks;
			sourceTree = "<group>";
		};
/* End PBXGroup section */

/* Begin PBXNativeTarget section */
		84B74C5623F10D21001BEF7C /* SudoVirtualCardsSimulatorTests */ = {
			isa = PBXNativeTarget;
			buildConfigurationList = 84B74C6523F10D21001BEF7C /* Build configuration list for PBXNativeTarget "SudoVirtualCardsSimulatorTests" */;
			buildPhases = (
				84B74C5323F10D21001BEF7C /* Sources */,
				84B74C5423F10D21001BEF7C /* Frameworks */,
				84B74C5523F10D21001BEF7C /* Resources */,
			);
			buildRules = (
			);
			dependencies = (
			);
			name = SudoVirtualCardsSimulatorTests;
			productName = SudoVirtualCardsSimulatorTests;
			productReference = 84B74C5723F10D21001BEF7C /* SudoVirtualCardsSimulatorTests.xctest */;
			productType = "com.apple.product-type.bundle.unit-test";
		};
/* End PBXNativeTarget section */

/* Begin PBXProject section */
		84B74C4523F10D21001BEF7C /* Project object */ = {
			isa = PBXProject;
			attributes = {
				LastSwiftUpdateCheck = 1110;
				LastUpgradeCheck = 1210;
				ORGANIZATIONNAME = "Anonyome Labs";
				TargetAttributes = {
					84B74C5623F10D21001BEF7C = {
						CreatedOnToolsVersion = 11.1;
					};
				};
			};
			buildConfigurationList = 84B74C4823F10D21001BEF7C /* Build configuration list for PBXProject "SudoVirtualCardsSimulator" */;
			compatibilityVersion = "Xcode 9.3";
			developmentRegion = en;
			hasScannedForEncodings = 0;
			knownRegions = (
				en,
				Base,
			);
			mainGroup = 84B74C4423F10D21001BEF7C;
			productRefGroup = 84B74C4F23F10D21001BEF7C /* Products */;
			projectDirPath = "";
			projectRoot = "";
			targets = (
				84B74C5623F10D21001BEF7C /* SudoVirtualCardsSimulatorTests */,
			);
		};
/* End PBXProject section */

/* Begin PBXResourcesBuildPhase section */
		84B74C5523F10D21001BEF7C /* Resources */ = {
			isa = PBXResourcesBuildPhase;
			buildActionMask = 2147483647;
			files = (
			);
			runOnlyForDeploymentPostprocessing = 0;
		};
/* End PBXResourcesBuildPhase section */

/* Begin PBXSourcesBuildPhase section */
		84B74C5323F10D21001BEF7C /* Sources */ = {
			isa = PBXSourcesBuildPhase;
			buildActionMask = 2147483647;
			files = (
				8492C99723F6452800DF0F95 /* AnyError.swift in Sources */,
				84E92FFB23F3B77D00B328E7 /* Date+MillisecondsSinceEpochTests.swift in Sources */,
				0C1994A027AB8F6700FCE696 /* DefaultSudoVirtualCardsSimulatorTest.swift in Sources */,
				8492C99923F6465400DF0F95 /* Error+Equality.swift in Sources */,
				415769052D9CC0330005AE1F /* GraphQLClientMock.swift in Sources */,
				8492C98C23F6324F00DF0F95 /* SudoLogging+Tests.swift in Sources */,
				8492C9AC23F65F3F00DF0F95 /* SudoVirtualCardsSimulatorConfigTests.swift in Sources */,
				8492C98423F62EB500DF0F95 /* SudoVirtualCardsSimulatorErrorTransformerTests.swift in Sources */,
				8492C99223F6381500DF0F95 /* XCTTestCase+Utility.swift in Sources */,
			);
			runOnlyForDeploymentPostprocessing = 0;
		};
/* End PBXSourcesBuildPhase section */

/* Begin XCBuildConfiguration section */
		84B74C6023F10D21001BEF7C /* Debug */ = {
			isa = XCBuildConfiguration;
			buildSettings = {
				ALWAYS_SEARCH_USER_PATHS = NO;
				CLANG_ANALYZER_NONNULL = YES;
				CLANG_ANALYZER_NUMBER_OBJECT_CONVERSION = YES_AGGRESSIVE;
				CLANG_CXX_LANGUAGE_STANDARD = "gnu++14";
				CLANG_CXX_LIBRARY = "libc++";
				CLANG_ENABLE_MODULES = YES;
				CLANG_ENABLE_OBJC_ARC = YES;
				CLANG_ENABLE_OBJC_WEAK = YES;
				CLANG_WARN_BLOCK_CAPTURE_AUTORELEASING = YES;
				CLANG_WARN_BOOL_CONVERSION = YES;
				CLANG_WARN_COMMA = YES;
				CLANG_WARN_CONSTANT_CONVERSION = YES;
				CLANG_WARN_DEPRECATED_OBJC_IMPLEMENTATIONS = YES;
				CLANG_WARN_DIRECT_OBJC_ISA_USAGE = YES_ERROR;
				CLANG_WARN_DOCUMENTATION_COMMENTS = YES;
				CLANG_WARN_EMPTY_BODY = YES;
				CLANG_WARN_ENUM_CONVERSION = YES;
				CLANG_WARN_INFINITE_RECURSION = YES;
				CLANG_WARN_INT_CONVERSION = YES;
				CLANG_WARN_NON_LITERAL_NULL_CONVERSION = YES;
				CLANG_WARN_OBJC_IMPLICIT_RETAIN_SELF = YES;
				CLANG_WARN_OBJC_LITERAL_CONVERSION = YES;
				CLANG_WARN_OBJC_ROOT_CLASS = YES_ERROR;
				CLANG_WARN_QUOTED_INCLUDE_IN_FRAMEWORK_HEADER = YES;
				CLANG_WARN_RANGE_LOOP_ANALYSIS = YES;
				CLANG_WARN_STRICT_PROTOTYPES = YES;
				CLANG_WARN_SUSPICIOUS_MOVE = YES;
				CLANG_WARN_UNGUARDED_AVAILABILITY = YES_AGGRESSIVE;
				CLANG_WARN_UNREACHABLE_CODE = YES;
				CLANG_WARN__DUPLICATE_METHOD_MATCH = YES;
				COPY_PHASE_STRIP = NO;
				CURRENT_PROJECT_VERSION = 1;
				DEBUG_INFORMATION_FORMAT = dwarf;
				ENABLE_STRICT_OBJC_MSGSEND = YES;
				ENABLE_TESTABILITY = YES;
				GCC_C_LANGUAGE_STANDARD = gnu11;
				GCC_DYNAMIC_NO_PIC = NO;
				GCC_NO_COMMON_BLOCKS = YES;
				GCC_OPTIMIZATION_LEVEL = 0;
				GCC_PREPROCESSOR_DEFINITIONS = (
					"DEBUG=1",
					"$(inherited)",
				);
				GCC_WARN_64_TO_32_BIT_CONVERSION = YES;
				GCC_WARN_ABOUT_RETURN_TYPE = YES_ERROR;
				GCC_WARN_UNDECLARED_SELECTOR = YES;
				GCC_WARN_UNINITIALIZED_AUTOS = YES_AGGRESSIVE;
				GCC_WARN_UNUSED_FUNCTION = YES;
				GCC_WARN_UNUSED_VARIABLE = YES;
				IPHONEOS_DEPLOYMENT_TARGET = 16.0;
				MTL_ENABLE_DEBUG_INFO = INCLUDE_SOURCE;
				MTL_FAST_MATH = YES;
				ONLY_ACTIVE_ARCH = YES;
				SDKROOT = iphoneos;
				SWIFT_ACTIVE_COMPILATION_CONDITIONS = DEBUG;
				SWIFT_OPTIMIZATION_LEVEL = "-Onone";
				VERSIONING_SYSTEM = "apple-generic";
				VERSION_INFO_PREFIX = "";
			};
			name = Debug;
		};
		84B74C6123F10D21001BEF7C /* Release */ = {
			isa = XCBuildConfiguration;
			buildSettings = {
				ALWAYS_SEARCH_USER_PATHS = NO;
				CLANG_ANALYZER_NONNULL = YES;
				CLANG_ANALYZER_NUMBER_OBJECT_CONVERSION = YES_AGGRESSIVE;
				CLANG_CXX_LANGUAGE_STANDARD = "gnu++14";
				CLANG_CXX_LIBRARY = "libc++";
				CLANG_ENABLE_MODULES = YES;
				CLANG_ENABLE_OBJC_ARC = YES;
				CLANG_ENABLE_OBJC_WEAK = YES;
				CLANG_WARN_BLOCK_CAPTURE_AUTORELEASING = YES;
				CLANG_WARN_BOOL_CONVERSION = YES;
				CLANG_WARN_COMMA = YES;
				CLANG_WARN_CONSTANT_CONVERSION = YES;
				CLANG_WARN_DEPRECATED_OBJC_IMPLEMENTATIONS = YES;
				CLANG_WARN_DIRECT_OBJC_ISA_USAGE = YES_ERROR;
				CLANG_WARN_DOCUMENTATION_COMMENTS = YES;
				CLANG_WARN_EMPTY_BODY = YES;
				CLANG_WARN_ENUM_CONVERSION = YES;
				CLANG_WARN_INFINITE_RECURSION = YES;
				CLANG_WARN_INT_CONVERSION = YES;
				CLANG_WARN_NON_LITERAL_NULL_CONVERSION = YES;
				CLANG_WARN_OBJC_IMPLICIT_RETAIN_SELF = YES;
				CLANG_WARN_OBJC_LITERAL_CONVERSION = YES;
				CLANG_WARN_OBJC_ROOT_CLASS = YES_ERROR;
				CLANG_WARN_QUOTED_INCLUDE_IN_FRAMEWORK_HEADER = YES;
				CLANG_WARN_RANGE_LOOP_ANALYSIS = YES;
				CLANG_WARN_STRICT_PROTOTYPES = YES;
				CLANG_WARN_SUSPICIOUS_MOVE = YES;
				CLANG_WARN_UNGUARDED_AVAILABILITY = YES_AGGRESSIVE;
				CLANG_WARN_UNREACHABLE_CODE = YES;
				CLANG_WARN__DUPLICATE_METHOD_MATCH = YES;
				COPY_PHASE_STRIP = NO;
				CURRENT_PROJECT_VERSION = 1;
				DEBUG_INFORMATION_FORMAT = "dwarf-with-dsym";
				ENABLE_NS_ASSERTIONS = NO;
				ENABLE_STRICT_OBJC_MSGSEND = YES;
				GCC_C_LANGUAGE_STANDARD = gnu11;
				GCC_NO_COMMON_BLOCKS = YES;
				GCC_WARN_64_TO_32_BIT_CONVERSION = YES;
				GCC_WARN_ABOUT_RETURN_TYPE = YES_ERROR;
				GCC_WARN_UNDECLARED_SELECTOR = YES;
				GCC_WARN_UNINITIALIZED_AUTOS = YES_AGGRESSIVE;
				GCC_WARN_UNUSED_FUNCTION = YES;
				GCC_WARN_UNUSED_VARIABLE = YES;
				IPHONEOS_DEPLOYMENT_TARGET = 16.0;
				MTL_ENABLE_DEBUG_INFO = NO;
				MTL_FAST_MATH = YES;
				SDKROOT = iphoneos;
				SWIFT_COMPILATION_MODE = wholemodule;
				SWIFT_OPTIMIZATION_LEVEL = "-O";
				VALIDATE_PRODUCT = YES;
				VERSIONING_SYSTEM = "apple-generic";
				VERSION_INFO_PREFIX = "";
			};
			name = Release;
		};
		84B74C6623F10D21001BEF7C /* Debug */ = {
			isa = XCBuildConfiguration;
			buildSettings = {
				CODE_SIGN_STYLE = Automatic;
				DEVELOPMENT_TEAM = UU2W43R8JA;
				INFOPLIST_FILE = SudoVirtualCardsSimulatorTests/Info.plist;
				LD_RUNPATH_SEARCH_PATHS = (
					"$(inherited)",
					"@executable_path/Frameworks",
					"@loader_path/Frameworks",
				);
				PRODUCT_BUNDLE_IDENTIFIER = com.sudoplatform.SudoVirtualCardsSimulatorTests;
				PRODUCT_NAME = "$(TARGET_NAME)";
				SUPPORTED_PLATFORMS = "iphoneos iphonesimulator";
				SUPPORTS_MACCATALYST = NO;
				SUPPORTS_MAC_DESIGNED_FOR_IPHONE_IPAD = NO;
				SUPPORTS_XR_DESIGNED_FOR_IPHONE_IPAD = NO;
				SWIFT_VERSION = 5.0;
				TARGETED_DEVICE_FAMILY = 1;
			};
			name = Debug;
		};
		84B74C6723F10D21001BEF7C /* Release */ = {
			isa = XCBuildConfiguration;
			buildSettings = {
				CODE_SIGN_STYLE = Automatic;
				DEVELOPMENT_TEAM = UU2W43R8JA;
				INFOPLIST_FILE = SudoVirtualCardsSimulatorTests/Info.plist;
				LD_RUNPATH_SEARCH_PATHS = (
					"$(inherited)",
					"@executable_path/Frameworks",
					"@loader_path/Frameworks",
				);
				ONLY_ACTIVE_ARCH = NO;
				PRODUCT_BUNDLE_IDENTIFIER = com.sudoplatform.SudoVirtualCardsSimulatorTests;
				PRODUCT_NAME = "$(TARGET_NAME)";
				SUPPORTED_PLATFORMS = "iphoneos iphonesimulator";
				SUPPORTS_MACCATALYST = NO;
				SUPPORTS_MAC_DESIGNED_FOR_IPHONE_IPAD = NO;
				SUPPORTS_XR_DESIGNED_FOR_IPHONE_IPAD = NO;
				SWIFT_VERSION = 5.0;
				TARGETED_DEVICE_FAMILY = 1;
			};
			name = Release;
		};
/* End XCBuildConfiguration section */

/* Begin XCConfigurationList section */
		84B74C4823F10D21001BEF7C /* Build configuration list for PBXProject "SudoVirtualCardsSimulator" */ = {
			isa = XCConfigurationList;
			buildConfigurations = (
				84B74C6023F10D21001BEF7C /* Debug */,
				84B74C6123F10D21001BEF7C /* Release */,
			);
			defaultConfigurationIsVisible = 0;
			defaultConfigurationName = Release;
		};
		84B74C6523F10D21001BEF7C /* Build configuration list for PBXNativeTarget "SudoVirtualCardsSimulatorTests" */ = {
			isa = XCConfigurationList;
			buildConfigurations = (
				84B74C6623F10D21001BEF7C /* Debug */,
				84B74C6723F10D21001BEF7C /* Release */,
			);
			defaultConfigurationIsVisible = 0;
			defaultConfigurationName = Release;
		};
/* End XCConfigurationList section */

/* Begin XCSwiftPackageProductDependency section */
		E2F000202D7B87CE00655336 /* SudoVirtualCardsSimulator */ = {
			isa = XCSwiftPackageProductDependency;
			productName = SudoVirtualCardsSimulator;
		};
/* End XCSwiftPackageProductDependency section */
	};
	rootObject = 84B74C4523F10D21001BEF7C /* Project object */;
}
